
Microsoft Visual Studio Solution File, Format Version 12.00
# Visual Studio Version 16
VisualStudioVersion = 16.0.29613.14
MinimumVisualStudioVersion = 10.0.40219.1
Project("{FAE04EC0-301F-11D3-BF4B-00C04F79EFBC}") = "WebApplication1", "WebApplication1\WebApplication1.csproj", "{5EEA3090-BB3C-4DCD-97CA-91021A169290}"
EndProject
Global
	GlobalSection(SolutionConfigurationPlatforms) = preSolution
		Debug|Any CPU = Debug|Any CPU
		Release|Any CPU = Release|Any CPU
	EndGlobalSection
	GlobalSection(ProjectConfigurationPlatforms) = postSolution
		{5EEA3090-BB3C-4DCD-97CA-91021A169290}.Debug|Any CPU.ActiveCfg = Debug|Any CPU
		{5EEA3090-BB3C-4DCD-97CA-91021A169290}.Debug|Any CPU.Build.0 = Debug|Any CPU
		{5EEA3090-BB3C-4DCD-97CA-91021A169290}.Release|Any CPU.ActiveCfg = Release|Any CPU
		{5EEA3090-BB3C-4DCD-97CA-91021A169290}.Release|Any CPU.Build.0 = Release|Any CPU
	EndGlobalSection
	GlobalSection(SolutionProperties) = preSolution
		HideSolutionNode = FALSE
	EndGlobalSection
	GlobalSection(ExtensibilityGlobals) = postSolution
		SolutionGuid = {8FE9E87C-AA4D-447C-BBF2-8047663BA758}
	EndGlobalSection
EndGlobal
